// !$*UTF8*$!
{
	archiveVersion = 1;
	classes = {
	};
	objectVersion = 56;
	objects = {

/* Begin PBXBuildFile section */
		B16C00442A16F3C500DEB171 /* ProgramouApp.swift in Sources */ = {isa = PBXBuildFile; fileRef = B16C00432A16F3C500DEB171 /* ProgramouApp.swift */; };
		B16C00482A16F3C600DEB171 /* Assets.xcassets in Resources */ = {isa = PBXBuildFile; fileRef = B16C00472A16F3C600DEB171 /* Assets.xcassets */; };
		B16C004B2A16F3C600DEB171 /* Preview Assets.xcassets in Resources */ = {isa = PBXBuildFile; fileRef = B16C004A2A16F3C600DEB171 /* Preview Assets.xcassets */; };
		B16C006F2A16F54800DEB171 /* ColorTokens.swift in Sources */ = {isa = PBXBuildFile; fileRef = B16C006E2A16F54800DEB171 /* ColorTokens.swift */; };
		B16C00722A16F77800DEB171 /* ColorTokens.swift in Sources */ = {isa = PBXBuildFile; fileRef = B16C00712A16F77800DEB171 /* ColorTokens.swift */; };
/* End PBXBuildFile section */

/* Begin PBXContainerItemProxy section */
		B16C00512A16F3C600DEB171 /* PBXContainerItemProxy */ = {
			isa = PBXContainerItemProxy;
			containerPortal = B16C00382A16F3C400DEB171 /* Project object */;
			proxyType = 1;
			remoteGlobalIDString = B16C003F2A16F3C500DEB171;
			remoteInfo = "ios-programou-app";
		};
/* End PBXContainerItemProxy section */

/* Begin PBXFileReference section */
		B16C00402A16F3C500DEB171 /* programou.app */ = {isa = PBXFileReference; explicitFileType = wrapper.application; includeInIndex = 0; path = programou.app; sourceTree = BUILT_PRODUCTS_DIR; };
		B16C00432A16F3C500DEB171 /* ProgramouApp.swift */ = {isa = PBXFileReference; lastKnownFileType = sourcecode.swift; path = ProgramouApp.swift; sourceTree = "<group>"; };
		B16C00472A16F3C600DEB171 /* Assets.xcassets */ = {isa = PBXFileReference; lastKnownFileType = folder.assetcatalog; path = Assets.xcassets; sourceTree = "<group>"; };
		B16C004A2A16F3C600DEB171 /* Preview Assets.xcassets */ = {isa = PBXFileReference; lastKnownFileType = folder.assetcatalog; path = "Preview Assets.xcassets"; sourceTree = "<group>"; };
		B16C00502A16F3C600DEB171 /* programouTests.xctest */ = {isa = PBXFileReference; explicitFileType = wrapper.cfbundle; includeInIndex = 0; path = programouTests.xctest; sourceTree = BUILT_PRODUCTS_DIR; };
		B16C006E2A16F54800DEB171 /* ColorTokens.swift */ = {isa = PBXFileReference; lastKnownFileType = sourcecode.swift; path = ColorTokens.swift; sourceTree = "<group>"; };
		B16C00712A16F77800DEB171 /* ColorTokens.swift */ = {isa = PBXFileReference; lastKnownFileType = sourcecode.swift; path = ColorTokens.swift; sourceTree = "<group>"; };
/* End PBXFileReference section */

/* Begin PBXFrameworksBuildPhase section */
		B16C003D2A16F3C500DEB171 /* Frameworks */ = {
			isa = PBXFrameworksBuildPhase;
			buildActionMask = 2147483647;
			files = (
			);
			runOnlyForDeploymentPostprocessing = 0;
		};
		B16C004D2A16F3C600DEB171 /* Frameworks */ = {
			isa = PBXFrameworksBuildPhase;
			buildActionMask = 2147483647;
			files = (
			);
			runOnlyForDeploymentPostprocessing = 0;
		};
/* End PBXFrameworksBuildPhase section */

/* Begin PBXGroup section */
		B16C00372A16F3C400DEB171 = {
			isa = PBXGroup;
			children = (
				B16C00422A16F3C500DEB171 /* ios-programou-app */,
				B16C00532A16F3C600DEB171 /* ios-programou-appTests */,
				B16C00412A16F3C500DEB171 /* Products */,
			);
			sourceTree = "<group>";
		};
		B16C00412A16F3C500DEB171 /* Products */ = {
			isa = PBXGroup;
			children = (
				B16C00402A16F3C500DEB171 /* programou.app */,
				B16C00502A16F3C600DEB171 /* programouTests.xctest */,
			);
			name = Products;
			sourceTree = "<group>";
		};
		B16C00422A16F3C500DEB171 /* ios-programou-app */ = {
			isa = PBXGroup;
			children = (
				B16C00702A16F76D00DEB171 /* DesignSystem */,
				B16C00432A16F3C500DEB171 /* ProgramouApp.swift */,
				B16C00472A16F3C600DEB171 /* Assets.xcassets */,
				B16C00492A16F3C600DEB171 /* Preview Content */,
			);
			path = "ios-programou-app";
			sourceTree = "<group>";
		};
		B16C00492A16F3C600DEB171 /* Preview Content */ = {
			isa = PBXGroup;
			children = (
				B16C004A2A16F3C600DEB171 /* Preview Assets.xcassets */,
			);
			path = "Preview Content";
			sourceTree = "<group>";
		};
		B16C00532A16F3C600DEB171 /* ios-programou-appTests */ = {
			isa = PBXGroup;
			children = (
				B16C006D2A16F52F00DEB171 /* DesignSystem */,
			);
			path = "ios-programou-appTests";
			sourceTree = "<group>";
		};
		B16C006D2A16F52F00DEB171 /* DesignSystem */ = {
			isa = PBXGroup;
			children = (
				B16C006E2A16F54800DEB171 /* ColorTokens.swift */,
			);
			path = DesignSystem;
			sourceTree = "<group>";
		};
		B16C00702A16F76D00DEB171 /* DesignSystem */ = {
			isa = PBXGroup;
			children = (
				B16C00712A16F77800DEB171 /* ColorTokens.swift */,
			);
			path = DesignSystem;
			sourceTree = "<group>";
		};
/* End PBXGroup section */

/* Begin PBXNativeTarget section */
		B16C003F2A16F3C500DEB171 /* programou */ = {
			isa = PBXNativeTarget;
			buildConfigurationList = B16C00642A16F3C600DEB171 /* Build configuration list for PBXNativeTarget "programou" */;
			buildPhases = (
				B16C003C2A16F3C500DEB171 /* Sources */,
				B16C003D2A16F3C500DEB171 /* Frameworks */,
				B16C003E2A16F3C500DEB171 /* Resources */,
			);
			buildRules = (
			);
			dependencies = (
			);
			name = programou;
			productName = "ios-programou-app";
			productReference = B16C00402A16F3C500DEB171 /* programou.app */;
			productType = "com.apple.product-type.application";
		};
		B16C004F2A16F3C600DEB171 /* programouTests */ = {
			isa = PBXNativeTarget;
			buildConfigurationList = B16C00672A16F3C600DEB171 /* Build configuration list for PBXNativeTarget "programouTests" */;
			buildPhases = (
				B16C004C2A16F3C600DEB171 /* Sources */,
				B16C004D2A16F3C600DEB171 /* Frameworks */,
				B16C004E2A16F3C600DEB171 /* Resources */,
			);
			buildRules = (
			);
			dependencies = (
				B16C00522A16F3C600DEB171 /* PBXTargetDependency */,
			);
			name = programouTests;
			productName = "ios-programou-appTests";
			productReference = B16C00502A16F3C600DEB171 /* programouTests.xctest */;
			productType = "com.apple.product-type.bundle.unit-test";
		};
/* End PBXNativeTarget section */

/* Begin PBXProject section */
		B16C00382A16F3C400DEB171 /* Project object */ = {
			isa = PBXProject;
			attributes = {
				BuildIndependentTargetsInParallel = 1;
				LastSwiftUpdateCheck = 1400;
				LastUpgradeCheck = 1400;
				TargetAttributes = {
					B16C003F2A16F3C500DEB171 = {
						CreatedOnToolsVersion = 14.0.1;
					};
					B16C004F2A16F3C600DEB171 = {
						CreatedOnToolsVersion = 14.0.1;
						TestTargetID = B16C003F2A16F3C500DEB171;
					};
				};
			};
			buildConfigurationList = B16C003B2A16F3C400DEB171 /* Build configuration list for PBXProject "programou" */;
			compatibilityVersion = "Xcode 14.0";
			developmentRegion = en;
			hasScannedForEncodings = 0;
			knownRegions = (
				en,
				Base,
			);
			mainGroup = B16C00372A16F3C400DEB171;
			productRefGroup = B16C00412A16F3C500DEB171 /* Products */;
			projectDirPath = "";
			projectRoot = "";
			targets = (
				B16C003F2A16F3C500DEB171 /* programou */,
				B16C004F2A16F3C600DEB171 /* programouTests */,
			);
		};
/* End PBXProject section */

/* Begin PBXResourcesBuildPhase section */
		B16C003E2A16F3C500DEB171 /* Resources */ = {
			isa = PBXResourcesBuildPhase;
			buildActionMask = 2147483647;
			files = (
				B16C004B2A16F3C600DEB171 /* Preview Assets.xcassets in Resources */,
				B16C00482A16F3C600DEB171 /* Assets.xcassets in Resources */,
			);
			runOnlyForDeploymentPostprocessing = 0;
		};
		B16C004E2A16F3C600DEB171 /* Resources */ = {
			isa = PBXResourcesBuildPhase;
			buildActionMask = 2147483647;
			files = (
			);
			runOnlyForDeploymentPostprocessing = 0;
		};
/* End PBXResourcesBuildPhase section */

/* Begin PBXSourcesBuildPhase section */
		B16C003C2A16F3C500DEB171 /* Sources */ = {
			isa = PBXSourcesBuildPhase;
			buildActionMask = 2147483647;
			files = (
				B16C00442A16F3C500DEB171 /* ProgramouApp.swift in Sources */,
				B16C00722A16F77800DEB171 /* ColorTokens.swift in Sources */,
			);
			runOnlyForDeploymentPostprocessing = 0;
		};
		B16C004C2A16F3C600DEB171 /* Sources */ = {
			isa = PBXSourcesBuildPhase;
			buildActionMask = 2147483647;
			files = (
				B16C006F2A16F54800DEB171 /* ColorTokens.swift in Sources */,
			);
			runOnlyForDeploymentPostprocessing = 0;
		};
/* End PBXSourcesBuildPhase section */

/* Begin PBXTargetDependency section */
		B16C00522A16F3C600DEB171 /* PBXTargetDependency */ = {
			isa = PBXTargetDependency;
			target = B16C003F2A16F3C500DEB171 /* programou */;
			targetProxy = B16C00512A16F3C600DEB171 /* PBXContainerItemProxy */;
		};
/* End PBXTargetDependency section */

/* Begin XCBuildConfiguration section */
		B16C00622A16F3C600DEB171 /* Debug */ = {
			isa = XCBuildConfiguration;
			buildSettings = {
				ALWAYS_SEARCH_USER_PATHS = NO;
				CLANG_ANALYZER_NONNULL = YES;
				CLANG_ANALYZER_NUMBER_OBJECT_CONVERSION = YES_AGGRESSIVE;
				CLANG_CXX_LANGUAGE_STANDARD = "gnu++20";
				CLANG_ENABLE_MODULES = YES;
				CLANG_ENABLE_OBJC_ARC = YES;
				CLANG_ENABLE_OBJC_WEAK = YES;
				CLANG_WARN_BLOCK_CAPTURE_AUTORELEASING = YES;
				CLANG_WARN_BOOL_CONVERSION = YES;
				CLANG_WARN_COMMA = YES;
				CLANG_WARN_CONSTANT_CONVERSION = YES;
				CLANG_WARN_DEPRECATED_OBJC_IMPLEMENTATIONS = YES;
				CLANG_WARN_DIRECT_OBJC_ISA_USAGE = YES_ERROR;
				CLANG_WARN_DOCUMENTATION_COMMENTS = YES;
				CLANG_WARN_EMPTY_BODY = YES;
				CLANG_WARN_ENUM_CONVERSION = YES;
				CLANG_WARN_INFINITE_RECURSION = YES;
				CLANG_WARN_INT_CONVERSION = YES;
				CLANG_WARN_NON_LITERAL_NULL_CONVERSION = YES;
				CLANG_WARN_OBJC_IMPLICIT_RETAIN_SELF = YES;
				CLANG_WARN_OBJC_LITERAL_CONVERSION = YES;
				CLANG_WARN_OBJC_ROOT_CLASS = YES_ERROR;
				CLANG_WARN_QUOTED_INCLUDE_IN_FRAMEWORK_HEADER = YES;
				CLANG_WARN_RANGE_LOOP_ANALYSIS = YES;
				CLANG_WARN_STRICT_PROTOTYPES = YES;
				CLANG_WARN_SUSPICIOUS_MOVE = YES;
				CLANG_WARN_UNGUARDED_AVAILABILITY = YES_AGGRESSIVE;
				CLANG_WARN_UNREACHABLE_CODE = YES;
				CLANG_WARN__DUPLICATE_METHOD_MATCH = YES;
				COPY_PHASE_STRIP = NO;
				DEBUG_INFORMATION_FORMAT = dwarf;
				ENABLE_STRICT_OBJC_MSGSEND = YES;
				ENABLE_TESTABILITY = YES;
				GCC_C_LANGUAGE_STANDARD = gnu11;
				GCC_DYNAMIC_NO_PIC = NO;
				GCC_NO_COMMON_BLOCKS = YES;
				GCC_OPTIMIZATION_LEVEL = 0;
				GCC_PREPROCESSOR_DEFINITIONS = (
					"DEBUG=1",
					"$(inherited)",
				);
				GCC_WARN_64_TO_32_BIT_CONVERSION = YES;
				GCC_WARN_ABOUT_RETURN_TYPE = YES_ERROR;
				GCC_WARN_UNDECLARED_SELECTOR = YES;
				GCC_WARN_UNINITIALIZED_AUTOS = YES_AGGRESSIVE;
				GCC_WARN_UNUSED_FUNCTION = YES;
				GCC_WARN_UNUSED_VARIABLE = YES;
				IPHONEOS_DEPLOYMENT_TARGET = 16.0;
				MTL_ENABLE_DEBUG_INFO = INCLUDE_SOURCE;
				MTL_FAST_MATH = YES;
				ONLY_ACTIVE_ARCH = YES;
				SDKROOT = iphoneos;
				SWIFT_ACTIVE_COMPILATION_CONDITIONS = DEBUG;
				SWIFT_OPTIMIZATION_LEVEL = "-Onone";
			};
			name = Debug;
		};
		B16C00632A16F3C600DEB171 /* Release */ = {
			isa = XCBuildConfiguration;
			buildSettings = {
				ALWAYS_SEARCH_USER_PATHS = NO;
				CLANG_ANALYZER_NONNULL = YES;
				CLANG_ANALYZER_NUMBER_OBJECT_CONVERSION = YES_AGGRESSIVE;
				CLANG_CXX_LANGUAGE_STANDARD = "gnu++20";
				CLANG_ENABLE_MODULES = YES;
				CLANG_ENABLE_OBJC_ARC = YES;
				CLANG_ENABLE_OBJC_WEAK = YES;
				CLANG_WARN_BLOCK_CAPTURE_AUTORELEASING = YES;
				CLANG_WARN_BOOL_CONVERSION = YES;
				CLANG_WARN_COMMA = YES;
				CLANG_WARN_CONSTANT_CONVERSION = YES;
				CLANG_WARN_DEPRECATED_OBJC_IMPLEMENTATIONS = YES;
				CLANG_WARN_DIRECT_OBJC_ISA_USAGE = YES_ERROR;
				CLANG_WARN_DOCUMENTATION_COMMENTS = YES;
				CLANG_WARN_EMPTY_BODY = YES;
				CLANG_WARN_ENUM_CONVERSION = YES;
				CLANG_WARN_INFINITE_RECURSION = YES;
				CLANG_WARN_INT_CONVERSION = YES;
				CLANG_WARN_NON_LITERAL_NULL_CONVERSION = YES;
				CLANG_WARN_OBJC_IMPLICIT_RETAIN_SELF = YES;
				CLANG_WARN_OBJC_LITERAL_CONVERSION = YES;
				CLANG_WARN_OBJC_ROOT_CLASS = YES_ERROR;
				CLANG_WARN_QUOTED_INCLUDE_IN_FRAMEWORK_HEADER = YES;
				CLANG_WARN_RANGE_LOOP_ANALYSIS = YES;
				CLANG_WARN_STRICT_PROTOTYPES = YES;
				CLANG_WARN_SUSPICIOUS_MOVE = YES;
				CLANG_WARN_UNGUARDED_AVAILABILITY = YES_AGGRESSIVE;
				CLANG_WARN_UNREACHABLE_CODE = YES;
				CLANG_WARN__DUPLICATE_METHOD_MATCH = YES;
				COPY_PHASE_STRIP = NO;
				DEBUG_INFORMATION_FORMAT = "dwarf-with-dsym";
				ENABLE_NS_ASSERTIONS = NO;
				ENABLE_STRICT_OBJC_MSGSEND = YES;
				GCC_C_LANGUAGE_STANDARD = gnu11;
				GCC_NO_COMMON_BLOCKS = YES;
				GCC_WARN_64_TO_32_BIT_CONVERSION = YES;
				GCC_WARN_ABOUT_RETURN_TYPE = YES_ERROR;
				GCC_WARN_UNDECLARED_SELECTOR = YES;
				GCC_WARN_UNINITIALIZED_AUTOS = YES_AGGRESSIVE;
				GCC_WARN_UNUSED_FUNCTION = YES;
				GCC_WARN_UNUSED_VARIABLE = YES;
				IPHONEOS_DEPLOYMENT_TARGET = 16.0;
				MTL_ENABLE_DEBUG_INFO = NO;
				MTL_FAST_MATH = YES;
				SDKROOT = iphoneos;
				SWIFT_COMPILATION_MODE = wholemodule;
				SWIFT_OPTIMIZATION_LEVEL = "-O";
				VALIDATE_PRODUCT = YES;
			};
			name = Release;
		};
		B16C00652A16F3C600DEB171 /* Debug */ = {
			isa = XCBuildConfiguration;
			buildSettings = {
				ASSETCATALOG_COMPILER_APPICON_NAME = AppIcon;
				ASSETCATALOG_COMPILER_GLOBAL_ACCENT_COLOR_NAME = AccentColor;
				CODE_SIGN_STYLE = Automatic;
				CURRENT_PROJECT_VERSION = 1;
				DEVELOPMENT_ASSET_PATHS = "\"ios-programou-app/Preview Content\"";
				DEVELOPMENT_TEAM = Y487CY958A;
				ENABLE_PREVIEWS = YES;
				GENERATE_INFOPLIST_FILE = YES;
				INFOPLIST_KEY_UIApplicationSceneManifest_Generation = YES;
				INFOPLIST_KEY_UIApplicationSupportsIndirectInputEvents = YES;
				INFOPLIST_KEY_UILaunchScreen_Generation = YES;
				INFOPLIST_KEY_UISupportedInterfaceOrientations_iPad = "UIInterfaceOrientationPortrait UIInterfaceOrientationPortraitUpsideDown UIInterfaceOrientationLandscapeLeft UIInterfaceOrientationLandscapeRight";
				INFOPLIST_KEY_UISupportedInterfaceOrientations_iPhone = "UIInterfaceOrientationPortrait UIInterfaceOrientationLandscapeLeft UIInterfaceOrientationLandscapeRight";
				LD_RUNPATH_SEARCH_PATHS = (
					"$(inherited)",
					"@executable_path/Frameworks",
				);
				MARKETING_VERSION = 1.0;
				PRODUCT_BUNDLE_IDENTIFIER = "com.programou.ios-programou-app";
				PRODUCT_NAME = "$(TARGET_NAME)";
				SWIFT_EMIT_LOC_STRINGS = YES;
				SWIFT_VERSION = 5.0;
				TARGETED_DEVICE_FAMILY = "1,2";
			};
			name = Debug;
		};
		B16C00662A16F3C600DEB171 /* Release */ = {
			isa = XCBuildConfiguration;
			buildSettings = {
				ASSETCATALOG_COMPILER_APPICON_NAME = AppIcon;
				ASSETCATALOG_COMPILER_GLOBAL_ACCENT_COLOR_NAME = AccentColor;
				CODE_SIGN_STYLE = Automatic;
				CURRENT_PROJECT_VERSION = 1;
				DEVELOPMENT_ASSET_PATHS = "\"ios-programou-app/Preview Content\"";
				DEVELOPMENT_TEAM = Y487CY958A;
				ENABLE_PREVIEWS = YES;
				GENERATE_INFOPLIST_FILE = YES;
				INFOPLIST_KEY_UIApplicationSceneManifest_Generation = YES;
				INFOPLIST_KEY_UIApplicationSupportsIndirectInputEvents = YES;
				INFOPLIST_KEY_UILaunchScreen_Generation = YES;
				INFOPLIST_KEY_UISupportedInterfaceOrientations_iPad = "UIInterfaceOrientationPortrait UIInterfaceOrientationPortraitUpsideDown UIInterfaceOrientationLandscapeLeft UIInterfaceOrientationLandscapeRight";
				INFOPLIST_KEY_UISupportedInterfaceOrientations_iPhone = "UIInterfaceOrientationPortrait UIInterfaceOrientationLandscapeLeft UIInterfaceOrientationLandscapeRight";
				LD_RUNPATH_SEARCH_PATHS = (
					"$(inherited)",
					"@executable_path/Frameworks",
				);
				MARKETING_VERSION = 1.0;
				PRODUCT_BUNDLE_IDENTIFIER = "com.programou.ios-programou-app";
				PRODUCT_NAME = "$(TARGET_NAME)";
				SWIFT_EMIT_LOC_STRINGS = YES;
				SWIFT_VERSION = 5.0;
				TARGETED_DEVICE_FAMILY = "1,2";
			};
			name = Release;
		};
		B16C00682A16F3C600DEB171 /* Debug */ = {
			isa = XCBuildConfiguration;
			buildSettings = {
				ALWAYS_EMBED_SWIFT_STANDARD_LIBRARIES = YES;
				BUNDLE_LOADER = "$(TEST_HOST)";
				CODE_SIGN_STYLE = Automatic;
				CURRENT_PROJECT_VERSION = 1;
				DEVELOPMENT_TEAM = Y487CY958A;
				GENERATE_INFOPLIST_FILE = YES;
				IPHONEOS_DEPLOYMENT_TARGET = 16.0;
				MARKETING_VERSION = 1.0;
				PRODUCT_BUNDLE_IDENTIFIER = "com.programou.ios-programou-appTests";
				PRODUCT_NAME = "$(TARGET_NAME)";
				SWIFT_EMIT_LOC_STRINGS = NO;
				SWIFT_VERSION = 5.0;
				TARGETED_DEVICE_FAMILY = "1,2";
				TEST_HOST = "$(BUILT_PRODUCTS_DIR)/programou.app/$(BUNDLE_EXECUTABLE_FOLDER_PATH)/programou";
			};
			name = Debug;
		};
		B16C00692A16F3C600DEB171 /* Release */ = {
			isa = XCBuildConfiguration;
			buildSettings = {
				ALWAYS_EMBED_SWIFT_STANDARD_LIBRARIES = YES;
				BUNDLE_LOADER = "$(TEST_HOST)";
				CODE_SIGN_STYLE = Automatic;
				CURRENT_PROJECT_VERSION = 1;
				DEVELOPMENT_TEAM = Y487CY958A;
				GENERATE_INFOPLIST_FILE = YES;
				IPHONEOS_DEPLOYMENT_TARGET = 16.0;
				MARKETING_VERSION = 1.0;
				PRODUCT_BUNDLE_IDENTIFIER = "com.programou.ios-programou-appTests";
				PRODUCT_NAME = "$(TARGET_NAME)";
				SWIFT_EMIT_LOC_STRINGS = NO;
				SWIFT_VERSION = 5.0;
				TARGETED_DEVICE_FAMILY = "1,2";
				TEST_HOST = "$(BUILT_PRODUCTS_DIR)/programou.app/$(BUNDLE_EXECUTABLE_FOLDER_PATH)/programou";
			};
			name = Release;
		};
/* End XCBuildConfiguration section */

/* Begin XCConfigurationList section */
		B16C003B2A16F3C400DEB171 /* Build configuration list for PBXProject "programou" */ = {
			isa = XCConfigurationList;
			buildConfigurations = (
				B16C00622A16F3C600DEB171 /* Debug */,
				B16C00632A16F3C600DEB171 /* Release */,
			);
			defaultConfigurationIsVisible = 0;
			defaultConfigurationName = Release;
		};
		B16C00642A16F3C600DEB171 /* Build configuration list for PBXNativeTarget "programou" */ = {
			isa = XCConfigurationList;
			buildConfigurations = (
				B16C00652A16F3C600DEB171 /* Debug */,
				B16C00662A16F3C600DEB171 /* Release */,
			);
			defaultConfigurationIsVisible = 0;
			defaultConfigurationName = Release;
		};
		B16C00672A16F3C600DEB171 /* Build configuration list for PBXNativeTarget "programouTests" */ = {
			isa = XCConfigurationList;
			buildConfigurations = (
				B16C00682A16F3C600DEB171 /* Debug */,
				B16C00692A16F3C600DEB171 /* Release */,
			);
			defaultConfigurationIsVisible = 0;
			defaultConfigurationName = Release;
		};
/* End XCConfigurationList section */
	};
	rootObject = B16C00382A16F3C400DEB171 /* Project object */;
}
