// !$*UTF8*$!
{
	archiveVersion = 1;
	classes = {
	};
	objectVersion = 56;
	objects = {

/* Begin PBXBuildFile section */
		B16C00442A16F3C500DEB171 /* ProgramouApp.swift in Sources */ = {isa = PBXBuildFile; fileRef = B16C00432A16F3C500DEB171 /* ProgramouApp.swift */; };
		B16C00482A16F3C600DEB171 /* Assets.xcassets in Resources */ = {isa = PBXBuildFile; fileRef = B16C00472A16F3C600DEB171 /* Assets.xcassets */; };
		B16C004B2A16F3C600DEB171 /* Preview Assets.xcassets in Resources */ = {isa = PBXBuildFile; fileRef = B16C004A2A16F3C600DEB171 /* Preview Assets.xcassets */; };
		B16C006F2A16F54800DEB171 /* ColorTokensTests.swift in Sources */ = {isa = PBXBuildFile; fileRef = B16C006E2A16F54800DEB171 /* ColorTokensTests.swift */; };
		B16C00722A16F77800DEB171 /* ColorTokens.swift in Sources */ = {isa = PBXBuildFile; fileRef = B16C00712A16F77800DEB171 /* ColorTokens.swift */; };
		B16C00752A170B3B00DEB171 /* ColorProviderTests.swift in Sources */ = {isa = PBXBuildFile; fileRef = B16C00732A170B3300DEB171 /* ColorProviderTests.swift */; };
		B16C00772A170BBF00DEB171 /* ColorProvider.swift in Sources */ = {isa = PBXBuildFile; fileRef = B16C00762A170BBF00DEB171 /* ColorProvider.swift */; };
		B16C007F2A17C88000DEB171 /* BoxComponent.swift in Sources */ = {isa = PBXBuildFile; fileRef = B16C007E2A17C88000DEB171 /* BoxComponent.swift */; };
		B16C00822A17CD5100DEB171 /* View+Extensions.swift in Sources */ = {isa = PBXBuildFile; fileRef = B16C00812A17CD5100DEB171 /* View+Extensions.swift */; };
		B16C00842A17CEC800DEB171 /* TextComponent.swift in Sources */ = {isa = PBXBuildFile; fileRef = B16C00832A17CEC800DEB171 /* TextComponent.swift */; };
		B16C00862A1813EA00DEB171 /* FontSizeTokens.swift in Sources */ = {isa = PBXBuildFile; fileRef = B16C00852A1813EA00DEB171 /* FontSizeTokens.swift */; };
		B16C00892A18153E00DEB171 /* FontSizeTokensTests.swift in Sources */ = {isa = PBXBuildFile; fileRef = B16C00872A18152F00DEB171 /* FontSizeTokensTests.swift */; };
		B16C008B2A181B1300DEB171 /* Home.swift in Sources */ = {isa = PBXBuildFile; fileRef = B16C008A2A181B1300DEB171 /* Home.swift */; };
		B16C008D2A181E1B00DEB171 /* ButtonComponent.swift in Sources */ = {isa = PBXBuildFile; fileRef = B16C008C2A181E1B00DEB171 /* ButtonComponent.swift */; };
		B16C00922A18D73600DEB171 /* Home.strings in Resources */ = {isa = PBXBuildFile; fileRef = B16C00912A18D73600DEB171 /* Home.strings */; };
		B16C00972A18D9E800DEB171 /* Localizable.swift in Sources */ = {isa = PBXBuildFile; fileRef = B16C00962A18D9E800DEB171 /* Localizable.swift */; };
		B16C00992A18DA0300DEB171 /* HomeLocalize.swift in Sources */ = {isa = PBXBuildFile; fileRef = B16C00982A18DA0300DEB171 /* HomeLocalize.swift */; };
		B16C009B2A18DAC100DEB171 /* HomePresenter.swift in Sources */ = {isa = PBXBuildFile; fileRef = B16C009A2A18DAC100DEB171 /* HomePresenter.swift */; };
		B16C00A02A18DDCC00DEB171 /* HomePresenterTests.swift in Sources */ = {isa = PBXBuildFile; fileRef = B16C009E2A18DDB700DEB171 /* HomePresenterTests.swift */; };
		B16C00A32A18DE8F00DEB171 /* HomeLocalizeTests.swift in Sources */ = {isa = PBXBuildFile; fileRef = B16C00A12A18DE8B00DEB171 /* HomeLocalizeTests.swift */; };
		B16C00A82A18DFA100DEB171 /* Home.strings in Resources */ = {isa = PBXBuildFile; fileRef = B16C00A62A18DFA100DEB171 /* Home.strings */; };
		B16C00AC2A18E11F00DEB171 /* XCTestCase+Extensions.swift in Sources */ = {isa = PBXBuildFile; fileRef = B16C00AA2A18E10F00DEB171 /* XCTestCase+Extensions.swift */; };
		B16C00AF2A18E16000DEB171 /* HomeComposer.swift in Sources */ = {isa = PBXBuildFile; fileRef = B16C00AE2A18E16000DEB171 /* HomeComposer.swift */; };
		B16C00B12A18E30C00DEB171 /* Stacks+Extensions.swift in Sources */ = {isa = PBXBuildFile; fileRef = B16C00B02A18E30C00DEB171 /* Stacks+Extensions.swift */; };
		B16C00B62A18ED0C00DEB171 /* AppBackground.swift in Sources */ = {isa = PBXBuildFile; fileRef = B16C00B52A18ED0C00DEB171 /* AppBackground.swift */; };
		B16C00BC2A18EE2E00DEB171 /* Binders.swift in Sources */ = {isa = PBXBuildFile; fileRef = B16C00BB2A18EE2E00DEB171 /* Binders.swift */; };
		B16C00C62A19889400DEB171 /* Enter.swift in Sources */ = {isa = PBXBuildFile; fileRef = B16C00C52A19889400DEB171 /* Enter.swift */; };
		B16C00D02A1BB8C100DEB171 /* EnterPresenterTests.swift in Sources */ = {isa = PBXBuildFile; fileRef = B16C00CE2A1BB8B000DEB171 /* EnterPresenterTests.swift */; };
		B16C00D22A1BC17D00DEB171 /* EnterPresenter.swift in Sources */ = {isa = PBXBuildFile; fileRef = B16C00D12A1BC17D00DEB171 /* EnterPresenter.swift */; };
		B16C00D42A1BC5F600DEB171 /* BackButton.swift in Sources */ = {isa = PBXBuildFile; fileRef = B16C00D32A1BC5F600DEB171 /* BackButton.swift */; };
		B16C00D62A1BC67600DEB171 /* EnterComposer.swift in Sources */ = {isa = PBXBuildFile; fileRef = B16C00D52A1BC67600DEB171 /* EnterComposer.swift */; };
		B16C00D82A1BC6CC00DEB171 /* EnterLocalize.swift in Sources */ = {isa = PBXBuildFile; fileRef = B16C00D72A1BC6CC00DEB171 /* EnterLocalize.swift */; };
		B16C00DB2A1BC6E600DEB171 /* Enter.strings in Resources */ = {isa = PBXBuildFile; fileRef = B16C00D92A1BC6E600DEB171 /* Enter.strings */; };
		B16C00E02A1BC96D00DEB171 /* EnterLocalizeTests.swift in Sources */ = {isa = PBXBuildFile; fileRef = B16C00DE2A1BC95900DEB171 /* EnterLocalizeTests.swift */; };
		B16C00E32A1BCA9E00DEB171 /* Enter.strings in Resources */ = {isa = PBXBuildFile; fileRef = B16C00E12A1BCA9E00DEB171 /* Enter.strings */; };
		B16C00E62A1BFA9400DEB171 /* Binding+Extensions.swift in Sources */ = {isa = PBXBuildFile; fileRef = B16C00E52A1BFA9400DEB171 /* Binding+Extensions.swift */; };
		B16C00E92A1BFCCE00DEB171 /* Route.swift in Sources */ = {isa = PBXBuildFile; fileRef = B16C00E82A1BFCCE00DEB171 /* Route.swift */; };
/* End PBXBuildFile section */

/* Begin PBXContainerItemProxy section */
		B16C00512A16F3C600DEB171 /* PBXContainerItemProxy */ = {
			isa = PBXContainerItemProxy;
			containerPortal = B16C00382A16F3C400DEB171 /* Project object */;
			proxyType = 1;
			remoteGlobalIDString = B16C003F2A16F3C500DEB171;
			remoteInfo = "ios-programou-app";
		};
/* End PBXContainerItemProxy section */

/* Begin PBXFileReference section */
		B16C00402A16F3C500DEB171 /* Programou.app */ = {isa = PBXFileReference; explicitFileType = wrapper.application; includeInIndex = 0; path = Programou.app; sourceTree = BUILT_PRODUCTS_DIR; };
		B16C00432A16F3C500DEB171 /* ProgramouApp.swift */ = {isa = PBXFileReference; lastKnownFileType = sourcecode.swift; path = ProgramouApp.swift; sourceTree = "<group>"; };
		B16C00472A16F3C600DEB171 /* Assets.xcassets */ = {isa = PBXFileReference; lastKnownFileType = folder.assetcatalog; path = Assets.xcassets; sourceTree = "<group>"; };
		B16C004A2A16F3C600DEB171 /* Preview Assets.xcassets */ = {isa = PBXFileReference; lastKnownFileType = folder.assetcatalog; path = "Preview Assets.xcassets"; sourceTree = "<group>"; };
		B16C00502A16F3C600DEB171 /* ProgramouTests.xctest */ = {isa = PBXFileReference; explicitFileType = wrapper.cfbundle; includeInIndex = 0; path = ProgramouTests.xctest; sourceTree = BUILT_PRODUCTS_DIR; };
		B16C006E2A16F54800DEB171 /* ColorTokensTests.swift */ = {isa = PBXFileReference; lastKnownFileType = sourcecode.swift; path = ColorTokensTests.swift; sourceTree = "<group>"; };
		B16C00712A16F77800DEB171 /* ColorTokens.swift */ = {isa = PBXFileReference; lastKnownFileType = sourcecode.swift; path = ColorTokens.swift; sourceTree = "<group>"; };
		B16C00732A170B3300DEB171 /* ColorProviderTests.swift */ = {isa = PBXFileReference; lastKnownFileType = sourcecode.swift; path = ColorProviderTests.swift; sourceTree = "<group>"; };
		B16C00762A170BBF00DEB171 /* ColorProvider.swift */ = {isa = PBXFileReference; lastKnownFileType = sourcecode.swift; path = ColorProvider.swift; sourceTree = "<group>"; };
		B16C007E2A17C88000DEB171 /* BoxComponent.swift */ = {isa = PBXFileReference; lastKnownFileType = sourcecode.swift; path = BoxComponent.swift; sourceTree = "<group>"; };
		B16C00812A17CD5100DEB171 /* View+Extensions.swift */ = {isa = PBXFileReference; lastKnownFileType = sourcecode.swift; path = "View+Extensions.swift"; sourceTree = "<group>"; };
		B16C00832A17CEC800DEB171 /* TextComponent.swift */ = {isa = PBXFileReference; lastKnownFileType = sourcecode.swift; path = TextComponent.swift; sourceTree = "<group>"; };
		B16C00852A1813EA00DEB171 /* FontSizeTokens.swift */ = {isa = PBXFileReference; lastKnownFileType = sourcecode.swift; path = FontSizeTokens.swift; sourceTree = "<group>"; };
		B16C00872A18152F00DEB171 /* FontSizeTokensTests.swift */ = {isa = PBXFileReference; lastKnownFileType = sourcecode.swift; path = FontSizeTokensTests.swift; sourceTree = "<group>"; };
		B16C008A2A181B1300DEB171 /* Home.swift */ = {isa = PBXFileReference; lastKnownFileType = sourcecode.swift; path = Home.swift; sourceTree = "<group>"; };
		B16C008C2A181E1B00DEB171 /* ButtonComponent.swift */ = {isa = PBXFileReference; lastKnownFileType = sourcecode.swift; path = ButtonComponent.swift; sourceTree = "<group>"; };
		B16C00912A18D73600DEB171 /* Home.strings */ = {isa = PBXFileReference; lastKnownFileType = text.plist.strings; path = Home.strings; sourceTree = "<group>"; };
		B16C00962A18D9E800DEB171 /* Localizable.swift */ = {isa = PBXFileReference; lastKnownFileType = sourcecode.swift; path = Localizable.swift; sourceTree = "<group>"; };
		B16C00982A18DA0300DEB171 /* HomeLocalize.swift */ = {isa = PBXFileReference; lastKnownFileType = sourcecode.swift; path = HomeLocalize.swift; sourceTree = "<group>"; };
		B16C009A2A18DAC100DEB171 /* HomePresenter.swift */ = {isa = PBXFileReference; lastKnownFileType = sourcecode.swift; path = HomePresenter.swift; sourceTree = "<group>"; };
		B16C009E2A18DDB700DEB171 /* HomePresenterTests.swift */ = {isa = PBXFileReference; lastKnownFileType = sourcecode.swift; path = HomePresenterTests.swift; sourceTree = "<group>"; };
		B16C00A12A18DE8B00DEB171 /* HomeLocalizeTests.swift */ = {isa = PBXFileReference; lastKnownFileType = sourcecode.swift; path = HomeLocalizeTests.swift; sourceTree = "<group>"; };
		B16C00A72A18DFA100DEB171 /* en */ = {isa = PBXFileReference; lastKnownFileType = text.plist.strings; name = en; path = en.lproj/Home.strings; sourceTree = "<group>"; };
		B16C00AA2A18E10F00DEB171 /* XCTestCase+Extensions.swift */ = {isa = PBXFileReference; lastKnownFileType = sourcecode.swift; path = "XCTestCase+Extensions.swift"; sourceTree = "<group>"; };
		B16C00AE2A18E16000DEB171 /* HomeComposer.swift */ = {isa = PBXFileReference; lastKnownFileType = sourcecode.swift; path = HomeComposer.swift; sourceTree = "<group>"; };
		B16C00B02A18E30C00DEB171 /* Stacks+Extensions.swift */ = {isa = PBXFileReference; lastKnownFileType = sourcecode.swift; path = "Stacks+Extensions.swift"; sourceTree = "<group>"; };
		B16C00B22A18E9F500DEB171 /* Programou-Info.plist */ = {isa = PBXFileReference; lastKnownFileType = text.plist; path = "Programou-Info.plist"; sourceTree = "<group>"; };
		B16C00B52A18ED0C00DEB171 /* AppBackground.swift */ = {isa = PBXFileReference; lastKnownFileType = sourcecode.swift; path = AppBackground.swift; sourceTree = "<group>"; };
		B16C00BB2A18EE2E00DEB171 /* Binders.swift */ = {isa = PBXFileReference; lastKnownFileType = sourcecode.swift; path = Binders.swift; sourceTree = "<group>"; };
		B16C00C52A19889400DEB171 /* Enter.swift */ = {isa = PBXFileReference; lastKnownFileType = sourcecode.swift; path = Enter.swift; sourceTree = "<group>"; };
		B16C00CE2A1BB8B000DEB171 /* EnterPresenterTests.swift */ = {isa = PBXFileReference; lastKnownFileType = sourcecode.swift; path = EnterPresenterTests.swift; sourceTree = "<group>"; };
		B16C00D12A1BC17D00DEB171 /* EnterPresenter.swift */ = {isa = PBXFileReference; lastKnownFileType = sourcecode.swift; path = EnterPresenter.swift; sourceTree = "<group>"; };
		B16C00D32A1BC5F600DEB171 /* BackButton.swift */ = {isa = PBXFileReference; lastKnownFileType = sourcecode.swift; path = BackButton.swift; sourceTree = "<group>"; };
		B16C00D52A1BC67600DEB171 /* EnterComposer.swift */ = {isa = PBXFileReference; lastKnownFileType = sourcecode.swift; path = EnterComposer.swift; sourceTree = "<group>"; };
		B16C00D72A1BC6CC00DEB171 /* EnterLocalize.swift */ = {isa = PBXFileReference; lastKnownFileType = sourcecode.swift; path = EnterLocalize.swift; sourceTree = "<group>"; };
		B16C00DA2A1BC6E600DEB171 /* pt-BR */ = {isa = PBXFileReference; lastKnownFileType = text.plist.strings; name = "pt-BR"; path = Enter.strings; sourceTree = "<group>"; };
		B16C00DE2A1BC95900DEB171 /* EnterLocalizeTests.swift */ = {isa = PBXFileReference; lastKnownFileType = sourcecode.swift; path = EnterLocalizeTests.swift; sourceTree = "<group>"; };
		B16C00E22A1BCA9E00DEB171 /* en */ = {isa = PBXFileReference; lastKnownFileType = text.plist.strings; name = en; path = Enter.strings; sourceTree = "<group>"; };
		B16C00E52A1BFA9400DEB171 /* Binding+Extensions.swift */ = {isa = PBXFileReference; lastKnownFileType = sourcecode.swift; path = "Binding+Extensions.swift"; sourceTree = "<group>"; };
		B16C00E82A1BFCCE00DEB171 /* Route.swift */ = {isa = PBXFileReference; lastKnownFileType = sourcecode.swift; path = Route.swift; sourceTree = "<group>"; };
/* End PBXFileReference section */

/* Begin PBXFrameworksBuildPhase section */
		B16C003D2A16F3C500DEB171 /* Frameworks */ = {
			isa = PBXFrameworksBuildPhase;
			buildActionMask = 2147483647;
			files = (
			);
			runOnlyForDeploymentPostprocessing = 0;
		};
		B16C004D2A16F3C600DEB171 /* Frameworks */ = {
			isa = PBXFrameworksBuildPhase;
			buildActionMask = 2147483647;
			files = (
			);
			runOnlyForDeploymentPostprocessing = 0;
		};
/* End PBXFrameworksBuildPhase section */

/* Begin PBXGroup section */
		B16C00372A16F3C400DEB171 = {
			isa = PBXGroup;
			children = (
				B16C00B22A18E9F500DEB171 /* Programou-Info.plist */,
				B16C00422A16F3C500DEB171 /* ios-programou-app */,
				B16C00532A16F3C600DEB171 /* ios-programou-appTests */,
				B16C00412A16F3C500DEB171 /* Products */,
			);
			sourceTree = "<group>";
		};
		B16C00412A16F3C500DEB171 /* Products */ = {
			isa = PBXGroup;
			children = (
				B16C00402A16F3C500DEB171 /* Programou.app */,
				B16C00502A16F3C600DEB171 /* ProgramouTests.xctest */,
			);
			name = Products;
			sourceTree = "<group>";
		};
		B16C00422A16F3C500DEB171 /* ios-programou-app */ = {
			isa = PBXGroup;
			children = (
				B16C00E72A1BFCC100DEB171 /* Router */,
				B16C00432A16F3C500DEB171 /* ProgramouApp.swift */,
				B16C008F2A18D5EA00DEB171 /* UI */,
				B16C008E2A18D5E600DEB171 /* Core */,
				B16C00702A16F76D00DEB171 /* DesignSystem */,
				B16C00472A16F3C600DEB171 /* Assets.xcassets */,
				B16C00492A16F3C600DEB171 /* Preview Content */,
			);
			path = "ios-programou-app";
			sourceTree = "<group>";
		};
		B16C00492A16F3C600DEB171 /* Preview Content */ = {
			isa = PBXGroup;
			children = (
				B16C004A2A16F3C600DEB171 /* Preview Assets.xcassets */,
			);
			path = "Preview Content";
			sourceTree = "<group>";
		};
		B16C00532A16F3C600DEB171 /* ios-programou-appTests */ = {
			isa = PBXGroup;
			children = (
				B16C009C2A18DDA700DEB171 /* Core */,
				B16C006D2A16F52F00DEB171 /* DesignSystem */,
			);
			path = "ios-programou-appTests";
			sourceTree = "<group>";
		};
		B16C006D2A16F52F00DEB171 /* DesignSystem */ = {
			isa = PBXGroup;
			children = (
				B16C007D2A17C85E00DEB171 /* Components */,
				B16C00792A17AF7500DEB171 /* Providers */,
				B16C00782A17AF6B00DEB171 /* Tokens */,
			);
			path = DesignSystem;
			sourceTree = "<group>";
		};
		B16C00702A16F76D00DEB171 /* DesignSystem */ = {
			isa = PBXGroup;
			children = (
				B16C00802A17CD4200DEB171 /* Utils */,
				B16C007C2A17C85500DEB171 /* Components */,
				B16C007B2A17AF8000DEB171 /* Providers */,
				B16C007A2A17AF7B00DEB171 /* Tokens */,
			);
			path = DesignSystem;
			sourceTree = "<group>";
		};
		B16C00782A17AF6B00DEB171 /* Tokens */ = {
			isa = PBXGroup;
			children = (
				B16C006E2A16F54800DEB171 /* ColorTokensTests.swift */,
				B16C00872A18152F00DEB171 /* FontSizeTokensTests.swift */,
			);
			path = Tokens;
			sourceTree = "<group>";
		};
		B16C00792A17AF7500DEB171 /* Providers */ = {
			isa = PBXGroup;
			children = (
				B16C00732A170B3300DEB171 /* ColorProviderTests.swift */,
			);
			path = Providers;
			sourceTree = "<group>";
		};
		B16C007A2A17AF7B00DEB171 /* Tokens */ = {
			isa = PBXGroup;
			children = (
				B16C00712A16F77800DEB171 /* ColorTokens.swift */,
				B16C00852A1813EA00DEB171 /* FontSizeTokens.swift */,
			);
			path = Tokens;
			sourceTree = "<group>";
		};
		B16C007B2A17AF8000DEB171 /* Providers */ = {
			isa = PBXGroup;
			children = (
				B16C00762A170BBF00DEB171 /* ColorProvider.swift */,
			);
			path = Providers;
			sourceTree = "<group>";
		};
		B16C007C2A17C85500DEB171 /* Components */ = {
			isa = PBXGroup;
			children = (
				B16C007E2A17C88000DEB171 /* BoxComponent.swift */,
				B16C00832A17CEC800DEB171 /* TextComponent.swift */,
				B16C008C2A181E1B00DEB171 /* ButtonComponent.swift */,
				B16C00B02A18E30C00DEB171 /* Stacks+Extensions.swift */,
				B16C00D32A1BC5F600DEB171 /* BackButton.swift */,
			);
			path = Components;
			sourceTree = "<group>";
		};
		B16C007D2A17C85E00DEB171 /* Components */ = {
			isa = PBXGroup;
			children = (
			);
			path = Components;
			sourceTree = "<group>";
		};
		B16C00802A17CD4200DEB171 /* Utils */ = {
			isa = PBXGroup;
			children = (
				B16C00812A17CD5100DEB171 /* View+Extensions.swift */,
			);
			path = Utils;
			sourceTree = "<group>";
		};
		B16C008E2A18D5E600DEB171 /* Core */ = {
			isa = PBXGroup;
			children = (
				B16C00B92A18EE2300DEB171 /* Utils */,
				B16C00AD2A18E14D00DEB171 /* Main */,
				B16C00952A18D9D900DEB171 /* Presentation */,
			);
			path = Core;
			sourceTree = "<group>";
		};
		B16C008F2A18D5EA00DEB171 /* UI */ = {
			isa = PBXGroup;
			children = (
				B16C00E42A1BFA8600DEB171 /* Extensions */,
				B16C00C82A1BB7DD00DEB171 /* Screens */,
				B16C00C72A1BB7D900DEB171 /* Components */,
			);
			path = UI;
			sourceTree = "<group>";
		};
		B16C00952A18D9D900DEB171 /* Presentation */ = {
			isa = PBXGroup;
			children = (
				B16C00CB2A1BB87F00DEB171 /* Assets */,
				B16C00CC2A1BB88C00DEB171 /* Enter */,
				B16C00CA2A1BB86E00DEB171 /* Home */,
			);
			path = Presentation;
			sourceTree = "<group>";
		};
		B16C009C2A18DDA700DEB171 /* Core */ = {
			isa = PBXGroup;
			children = (
				B16C009D2A18DDA900DEB171 /* Presentation */,
			);
			path = Core;
			sourceTree = "<group>";
		};
		B16C009D2A18DDA900DEB171 /* Presentation */ = {
			isa = PBXGroup;
			children = (
				B16C00CD2A1BB89000DEB171 /* Enter */,
				B16C00C92A1BB86300DEB171 /* Home */,
				B16C00A92A18E10100DEB171 /* Helpers */,
			);
			path = Presentation;
			sourceTree = "<group>";
		};
		B16C00A42A18DF7700DEB171 /* en.lproj */ = {
			isa = PBXGroup;
			children = (
				B16C00A62A18DFA100DEB171 /* Home.strings */,
				B16C00E12A1BCA9E00DEB171 /* Enter.strings */,
			);
			path = en.lproj;
			sourceTree = "<group>";
		};
		B16C00A52A18DF8100DEB171 /* pt-BR.lproj */ = {
			isa = PBXGroup;
			children = (
				B16C00912A18D73600DEB171 /* Home.strings */,
				B16C00D92A1BC6E600DEB171 /* Enter.strings */,
			);
			path = "pt-BR.lproj";
			sourceTree = "<group>";
		};
		B16C00A92A18E10100DEB171 /* Helpers */ = {
			isa = PBXGroup;
			children = (
				B16C00AA2A18E10F00DEB171 /* XCTestCase+Extensions.swift */,
			);
			path = Helpers;
			sourceTree = "<group>";
		};
		B16C00AD2A18E14D00DEB171 /* Main */ = {
			isa = PBXGroup;
			children = (
				B16C00AE2A18E16000DEB171 /* HomeComposer.swift */,
				B16C00D52A1BC67600DEB171 /* EnterComposer.swift */,
			);
			path = Main;
			sourceTree = "<group>";
		};
		B16C00B92A18EE2300DEB171 /* Utils */ = {
			isa = PBXGroup;
			children = (
				B16C00BB2A18EE2E00DEB171 /* Binders.swift */,
			);
			path = Utils;
			sourceTree = "<group>";
		};
		B16C00C72A1BB7D900DEB171 /* Components */ = {
			isa = PBXGroup;
			children = (
				B16C00B52A18ED0C00DEB171 /* AppBackground.swift */,
			);
			path = Components;
			sourceTree = "<group>";
		};
		B16C00C82A1BB7DD00DEB171 /* Screens */ = {
			isa = PBXGroup;
			children = (
				B16C00C52A19889400DEB171 /* Enter.swift */,
				B16C008A2A181B1300DEB171 /* Home.swift */,
			);
			path = Screens;
			sourceTree = "<group>";
		};
		B16C00C92A1BB86300DEB171 /* Home */ = {
			isa = PBXGroup;
			children = (
				B16C009E2A18DDB700DEB171 /* HomePresenterTests.swift */,
				B16C00A12A18DE8B00DEB171 /* HomeLocalizeTests.swift */,
			);
			path = Home;
			sourceTree = "<group>";
		};
		B16C00CA2A1BB86E00DEB171 /* Home */ = {
			isa = PBXGroup;
			children = (
				B16C00982A18DA0300DEB171 /* HomeLocalize.swift */,
				B16C009A2A18DAC100DEB171 /* HomePresenter.swift */,
			);
			path = Home;
			sourceTree = "<group>";
		};
		B16C00CB2A1BB87F00DEB171 /* Assets */ = {
			isa = PBXGroup;
			children = (
				B16C00A52A18DF8100DEB171 /* pt-BR.lproj */,
				B16C00A42A18DF7700DEB171 /* en.lproj */,
				B16C00962A18D9E800DEB171 /* Localizable.swift */,
			);
			path = Assets;
			sourceTree = "<group>";
		};
		B16C00CC2A1BB88C00DEB171 /* Enter */ = {
			isa = PBXGroup;
			children = (
				B16C00D12A1BC17D00DEB171 /* EnterPresenter.swift */,
				B16C00D72A1BC6CC00DEB171 /* EnterLocalize.swift */,
			);
			path = Enter;
			sourceTree = "<group>";
		};
		B16C00CD2A1BB89000DEB171 /* Enter */ = {
			isa = PBXGroup;
			children = (
				B16C00CE2A1BB8B000DEB171 /* EnterPresenterTests.swift */,
				B16C00DE2A1BC95900DEB171 /* EnterLocalizeTests.swift */,
			);
			path = Enter;
			sourceTree = "<group>";
		};
		B16C00E42A1BFA8600DEB171 /* Extensions */ = {
			isa = PBXGroup;
			children = (
				B16C00E52A1BFA9400DEB171 /* Binding+Extensions.swift */,
			);
			path = Extensions;
			sourceTree = "<group>";
		};
		B16C00E72A1BFCC100DEB171 /* Router */ = {
			isa = PBXGroup;
			children = (
				B16C00E82A1BFCCE00DEB171 /* Route.swift */,
			);
			path = Router;
			sourceTree = "<group>";
		};
/* End PBXGroup section */

/* Begin PBXNativeTarget section */
		B16C003F2A16F3C500DEB171 /* Programou */ = {
			isa = PBXNativeTarget;
			buildConfigurationList = B16C00642A16F3C600DEB171 /* Build configuration list for PBXNativeTarget "Programou" */;
			buildPhases = (
				B16C003C2A16F3C500DEB171 /* Sources */,
				B16C003D2A16F3C500DEB171 /* Frameworks */,
				B16C003E2A16F3C500DEB171 /* Resources */,
			);
			buildRules = (
			);
			dependencies = (
			);
			name = Programou;
			productName = "ios-programou-app";
			productReference = B16C00402A16F3C500DEB171 /* Programou.app */;
			productType = "com.apple.product-type.application";
		};
		B16C004F2A16F3C600DEB171 /* ProgramouTests */ = {
			isa = PBXNativeTarget;
			buildConfigurationList = B16C00672A16F3C600DEB171 /* Build configuration list for PBXNativeTarget "ProgramouTests" */;
			buildPhases = (
				B16C004C2A16F3C600DEB171 /* Sources */,
				B16C004D2A16F3C600DEB171 /* Frameworks */,
				B16C004E2A16F3C600DEB171 /* Resources */,
			);
			buildRules = (
			);
			dependencies = (
				B16C00522A16F3C600DEB171 /* PBXTargetDependency */,
			);
			name = ProgramouTests;
			productName = "ios-programou-appTests";
			productReference = B16C00502A16F3C600DEB171 /* ProgramouTests.xctest */;
			productType = "com.apple.product-type.bundle.unit-test";
		};
/* End PBXNativeTarget section */

/* Begin PBXProject section */
		B16C00382A16F3C400DEB171 /* Project object */ = {
			isa = PBXProject;
			attributes = {
				BuildIndependentTargetsInParallel = 1;
				LastSwiftUpdateCheck = 1400;
				LastUpgradeCheck = 1400;
				TargetAttributes = {
					B16C003F2A16F3C500DEB171 = {
						CreatedOnToolsVersion = 14.0.1;
					};
					B16C004F2A16F3C600DEB171 = {
						CreatedOnToolsVersion = 14.0.1;
						TestTargetID = B16C003F2A16F3C500DEB171;
					};
				};
			};
			buildConfigurationList = B16C003B2A16F3C400DEB171 /* Build configuration list for PBXProject "Programou" */;
			compatibilityVersion = "Xcode 14.0";
			developmentRegion = en;
			hasScannedForEncodings = 0;
			knownRegions = (
				en,
				Base,
				"pt-BR",
			);
			mainGroup = B16C00372A16F3C400DEB171;
			productRefGroup = B16C00412A16F3C500DEB171 /* Products */;
			projectDirPath = "";
			projectRoot = "";
			targets = (
				B16C003F2A16F3C500DEB171 /* Programou */,
				B16C004F2A16F3C600DEB171 /* ProgramouTests */,
			);
		};
/* End PBXProject section */

/* Begin PBXResourcesBuildPhase section */
		B16C003E2A16F3C500DEB171 /* Resources */ = {
			isa = PBXResourcesBuildPhase;
			buildActionMask = 2147483647;
			files = (
				B16C004B2A16F3C600DEB171 /* Preview Assets.xcassets in Resources */,
				B16C00A82A18DFA100DEB171 /* Home.strings in Resources */,
				B16C00482A16F3C600DEB171 /* Assets.xcassets in Resources */,
				B16C00DB2A1BC6E600DEB171 /* Enter.strings in Resources */,
				B16C00922A18D73600DEB171 /* Home.strings in Resources */,
				B16C00E32A1BCA9E00DEB171 /* Enter.strings in Resources */,
			);
			runOnlyForDeploymentPostprocessing = 0;
		};
		B16C004E2A16F3C600DEB171 /* Resources */ = {
			isa = PBXResourcesBuildPhase;
			buildActionMask = 2147483647;
			files = (
			);
			runOnlyForDeploymentPostprocessing = 0;
		};
/* End PBXResourcesBuildPhase section */

/* Begin PBXSourcesBuildPhase section */
		B16C003C2A16F3C500DEB171 /* Sources */ = {
			isa = PBXSourcesBuildPhase;
			buildActionMask = 2147483647;
			files = (
				B16C00D42A1BC5F600DEB171 /* BackButton.swift in Sources */,
				B16C00972A18D9E800DEB171 /* Localizable.swift in Sources */,
				B16C00D82A1BC6CC00DEB171 /* EnterLocalize.swift in Sources */,
				B16C00C62A19889400DEB171 /* Enter.swift in Sources */,
				B16C00842A17CEC800DEB171 /* TextComponent.swift in Sources */,
				B16C00772A170BBF00DEB171 /* ColorProvider.swift in Sources */,
				B16C009B2A18DAC100DEB171 /* HomePresenter.swift in Sources */,
				B16C007F2A17C88000DEB171 /* BoxComponent.swift in Sources */,
				B16C00442A16F3C500DEB171 /* ProgramouApp.swift in Sources */,
				B16C00E92A1BFCCE00DEB171 /* Route.swift in Sources */,
				B16C00D62A1BC67600DEB171 /* EnterComposer.swift in Sources */,
				B16C00B12A18E30C00DEB171 /* Stacks+Extensions.swift in Sources */,
				B16C00822A17CD5100DEB171 /* View+Extensions.swift in Sources */,
				B16C00862A1813EA00DEB171 /* FontSizeTokens.swift in Sources */,
				B16C008B2A181B1300DEB171 /* Home.swift in Sources */,
				B16C00B62A18ED0C00DEB171 /* AppBackground.swift in Sources */,
				B16C008D2A181E1B00DEB171 /* ButtonComponent.swift in Sources */,
				B16C00722A16F77800DEB171 /* ColorTokens.swift in Sources */,
				B16C00AF2A18E16000DEB171 /* HomeComposer.swift in Sources */,
				B16C00D22A1BC17D00DEB171 /* EnterPresenter.swift in Sources */,
				B16C00992A18DA0300DEB171 /* HomeLocalize.swift in Sources */,
				B16C00BC2A18EE2E00DEB171 /* Binders.swift in Sources */,
				B16C00E62A1BFA9400DEB171 /* Binding+Extensions.swift in Sources */,
			);
			runOnlyForDeploymentPostprocessing = 0;
		};
		B16C004C2A16F3C600DEB171 /* Sources */ = {
			isa = PBXSourcesBuildPhase;
			buildActionMask = 2147483647;
			files = (
				B16C00A32A18DE8F00DEB171 /* HomeLocalizeTests.swift in Sources */,
				B16C00892A18153E00DEB171 /* FontSizeTokensTests.swift in Sources */,
				B16C00D02A1BB8C100DEB171 /* EnterPresenterTests.swift in Sources */,
				B16C00752A170B3B00DEB171 /* ColorProviderTests.swift in Sources */,
				B16C006F2A16F54800DEB171 /* ColorTokensTests.swift in Sources */,
				B16C00AC2A18E11F00DEB171 /* XCTestCase+Extensions.swift in Sources */,
				B16C00A02A18DDCC00DEB171 /* HomePresenterTests.swift in Sources */,
				B16C00E02A1BC96D00DEB171 /* EnterLocalizeTests.swift in Sources */,
			);
			runOnlyForDeploymentPostprocessing = 0;
		};
/* End PBXSourcesBuildPhase section */

/* Begin PBXTargetDependency section */
		B16C00522A16F3C600DEB171 /* PBXTargetDependency */ = {
			isa = PBXTargetDependency;
			target = B16C003F2A16F3C500DEB171 /* Programou */;
			targetProxy = B16C00512A16F3C600DEB171 /* PBXContainerItemProxy */;
		};
/* End PBXTargetDependency section */

/* Begin PBXVariantGroup section */
		B16C00A62A18DFA100DEB171 /* Home.strings */ = {
			isa = PBXVariantGroup;
			children = (
				B16C00A72A18DFA100DEB171 /* en */,
			);
			name = Home.strings;
			sourceTree = "<group>";
		};
		B16C00D92A1BC6E600DEB171 /* Enter.strings */ = {
			isa = PBXVariantGroup;
			children = (
				B16C00DA2A1BC6E600DEB171 /* pt-BR */,
			);
			name = Enter.strings;
			sourceTree = "<group>";
		};
		B16C00E12A1BCA9E00DEB171 /* Enter.strings */ = {
			isa = PBXVariantGroup;
			children = (
				B16C00E22A1BCA9E00DEB171 /* en */,
			);
			name = Enter.strings;
			sourceTree = "<group>";
		};
/* End PBXVariantGroup section */

/* Begin XCBuildConfiguration section */
		B16C00622A16F3C600DEB171 /* Debug */ = {
			isa = XCBuildConfiguration;
			buildSettings = {
				ALWAYS_SEARCH_USER_PATHS = NO;
				CLANG_ANALYZER_NONNULL = YES;
				CLANG_ANALYZER_NUMBER_OBJECT_CONVERSION = YES_AGGRESSIVE;
				CLANG_CXX_LANGUAGE_STANDARD = "gnu++20";
				CLANG_ENABLE_MODULES = YES;
				CLANG_ENABLE_OBJC_ARC = YES;
				CLANG_ENABLE_OBJC_WEAK = YES;
				CLANG_WARN_BLOCK_CAPTURE_AUTORELEASING = YES;
				CLANG_WARN_BOOL_CONVERSION = YES;
				CLANG_WARN_COMMA = YES;
				CLANG_WARN_CONSTANT_CONVERSION = YES;
				CLANG_WARN_DEPRECATED_OBJC_IMPLEMENTATIONS = YES;
				CLANG_WARN_DIRECT_OBJC_ISA_USAGE = YES_ERROR;
				CLANG_WARN_DOCUMENTATION_COMMENTS = YES;
				CLANG_WARN_EMPTY_BODY = YES;
				CLANG_WARN_ENUM_CONVERSION = YES;
				CLANG_WARN_INFINITE_RECURSION = YES;
				CLANG_WARN_INT_CONVERSION = YES;
				CLANG_WARN_NON_LITERAL_NULL_CONVERSION = YES;
				CLANG_WARN_OBJC_IMPLICIT_RETAIN_SELF = YES;
				CLANG_WARN_OBJC_LITERAL_CONVERSION = YES;
				CLANG_WARN_OBJC_ROOT_CLASS = YES_ERROR;
				CLANG_WARN_QUOTED_INCLUDE_IN_FRAMEWORK_HEADER = YES;
				CLANG_WARN_RANGE_LOOP_ANALYSIS = YES;
				CLANG_WARN_STRICT_PROTOTYPES = YES;
				CLANG_WARN_SUSPICIOUS_MOVE = YES;
				CLANG_WARN_UNGUARDED_AVAILABILITY = YES_AGGRESSIVE;
				CLANG_WARN_UNREACHABLE_CODE = YES;
				CLANG_WARN__DUPLICATE_METHOD_MATCH = YES;
				COPY_PHASE_STRIP = NO;
				DEBUG_INFORMATION_FORMAT = dwarf;
				ENABLE_STRICT_OBJC_MSGSEND = YES;
				ENABLE_TESTABILITY = YES;
				GCC_C_LANGUAGE_STANDARD = gnu11;
				GCC_DYNAMIC_NO_PIC = NO;
				GCC_NO_COMMON_BLOCKS = YES;
				GCC_OPTIMIZATION_LEVEL = 0;
				GCC_PREPROCESSOR_DEFINITIONS = (
					"DEBUG=1",
					"$(inherited)",
				);
				GCC_WARN_64_TO_32_BIT_CONVERSION = YES;
				GCC_WARN_ABOUT_RETURN_TYPE = YES_ERROR;
				GCC_WARN_UNDECLARED_SELECTOR = YES;
				GCC_WARN_UNINITIALIZED_AUTOS = YES_AGGRESSIVE;
				GCC_WARN_UNUSED_FUNCTION = YES;
				GCC_WARN_UNUSED_VARIABLE = YES;
				IPHONEOS_DEPLOYMENT_TARGET = 16.0;
				MTL_ENABLE_DEBUG_INFO = INCLUDE_SOURCE;
				MTL_FAST_MATH = YES;
				ONLY_ACTIVE_ARCH = YES;
				SDKROOT = iphoneos;
				SWIFT_ACTIVE_COMPILATION_CONDITIONS = DEBUG;
				SWIFT_OPTIMIZATION_LEVEL = "-Onone";
			};
			name = Debug;
		};
		B16C00632A16F3C600DEB171 /* Release */ = {
			isa = XCBuildConfiguration;
			buildSettings = {
				ALWAYS_SEARCH_USER_PATHS = NO;
				CLANG_ANALYZER_NONNULL = YES;
				CLANG_ANALYZER_NUMBER_OBJECT_CONVERSION = YES_AGGRESSIVE;
				CLANG_CXX_LANGUAGE_STANDARD = "gnu++20";
				CLANG_ENABLE_MODULES = YES;
				CLANG_ENABLE_OBJC_ARC = YES;
				CLANG_ENABLE_OBJC_WEAK = YES;
				CLANG_WARN_BLOCK_CAPTURE_AUTORELEASING = YES;
				CLANG_WARN_BOOL_CONVERSION = YES;
				CLANG_WARN_COMMA = YES;
				CLANG_WARN_CONSTANT_CONVERSION = YES;
				CLANG_WARN_DEPRECATED_OBJC_IMPLEMENTATIONS = YES;
				CLANG_WARN_DIRECT_OBJC_ISA_USAGE = YES_ERROR;
				CLANG_WARN_DOCUMENTATION_COMMENTS = YES;
				CLANG_WARN_EMPTY_BODY = YES;
				CLANG_WARN_ENUM_CONVERSION = YES;
				CLANG_WARN_INFINITE_RECURSION = YES;
				CLANG_WARN_INT_CONVERSION = YES;
				CLANG_WARN_NON_LITERAL_NULL_CONVERSION = YES;
				CLANG_WARN_OBJC_IMPLICIT_RETAIN_SELF = YES;
				CLANG_WARN_OBJC_LITERAL_CONVERSION = YES;
				CLANG_WARN_OBJC_ROOT_CLASS = YES_ERROR;
				CLANG_WARN_QUOTED_INCLUDE_IN_FRAMEWORK_HEADER = YES;
				CLANG_WARN_RANGE_LOOP_ANALYSIS = YES;
				CLANG_WARN_STRICT_PROTOTYPES = YES;
				CLANG_WARN_SUSPICIOUS_MOVE = YES;
				CLANG_WARN_UNGUARDED_AVAILABILITY = YES_AGGRESSIVE;
				CLANG_WARN_UNREACHABLE_CODE = YES;
				CLANG_WARN__DUPLICATE_METHOD_MATCH = YES;
				COPY_PHASE_STRIP = NO;
				DEBUG_INFORMATION_FORMAT = "dwarf-with-dsym";
				ENABLE_NS_ASSERTIONS = NO;
				ENABLE_STRICT_OBJC_MSGSEND = YES;
				GCC_C_LANGUAGE_STANDARD = gnu11;
				GCC_NO_COMMON_BLOCKS = YES;
				GCC_WARN_64_TO_32_BIT_CONVERSION = YES;
				GCC_WARN_ABOUT_RETURN_TYPE = YES_ERROR;
				GCC_WARN_UNDECLARED_SELECTOR = YES;
				GCC_WARN_UNINITIALIZED_AUTOS = YES_AGGRESSIVE;
				GCC_WARN_UNUSED_FUNCTION = YES;
				GCC_WARN_UNUSED_VARIABLE = YES;
				IPHONEOS_DEPLOYMENT_TARGET = 16.0;
				MTL_ENABLE_DEBUG_INFO = NO;
				MTL_FAST_MATH = YES;
				SDKROOT = iphoneos;
				SWIFT_COMPILATION_MODE = wholemodule;
				SWIFT_OPTIMIZATION_LEVEL = "-O";
				VALIDATE_PRODUCT = YES;
			};
			name = Release;
		};
		B16C00652A16F3C600DEB171 /* Debug */ = {
			isa = XCBuildConfiguration;
			buildSettings = {
				ASSETCATALOG_COMPILER_APPICON_NAME = AppIcon;
				ASSETCATALOG_COMPILER_GLOBAL_ACCENT_COLOR_NAME = AccentColor;
				CODE_SIGN_STYLE = Automatic;
				CURRENT_PROJECT_VERSION = 1;
				DEVELOPMENT_ASSET_PATHS = "ios-programou-app/Preview\\ Content";
				DEVELOPMENT_TEAM = Y487CY958A;
				ENABLE_PREVIEWS = YES;
				GENERATE_INFOPLIST_FILE = YES;
				INFOPLIST_FILE = "Programou-Info.plist";
				INFOPLIST_KEY_CFBundleDisplayName = Programou;
				INFOPLIST_KEY_LSApplicationCategoryType = "public.app-category.education";
				INFOPLIST_KEY_UIApplicationSceneManifest_Generation = YES;
				INFOPLIST_KEY_UIApplicationSupportsIndirectInputEvents = YES;
				INFOPLIST_KEY_UIRequiresFullScreen = YES;
				INFOPLIST_KEY_UIStatusBarStyle = UIStatusBarStyleLightContent;
				INFOPLIST_KEY_UISupportedInterfaceOrientations_iPad = "UIInterfaceOrientationPortrait UIInterfaceOrientationPortraitUpsideDown UIInterfaceOrientationLandscapeLeft UIInterfaceOrientationLandscapeRight";
				INFOPLIST_KEY_UISupportedInterfaceOrientations_iPhone = "UIInterfaceOrientationPortrait UIInterfaceOrientationLandscapeLeft UIInterfaceOrientationLandscapeRight";
				LD_RUNPATH_SEARCH_PATHS = (
					"$(inherited)",
					"@executable_path/Frameworks",
				);
				MARKETING_VERSION = 1.0;
				PRODUCT_BUNDLE_IDENTIFIER = "com.programou.ios-programou-app";
				PRODUCT_NAME = "$(TARGET_NAME)";
				SWIFT_EMIT_LOC_STRINGS = YES;
				SWIFT_VERSION = 5.0;
				TARGETED_DEVICE_FAMILY = "1,2";
			};
			name = Debug;
		};
		B16C00662A16F3C600DEB171 /* Release */ = {
			isa = XCBuildConfiguration;
			buildSettings = {
				ASSETCATALOG_COMPILER_APPICON_NAME = AppIcon;
				ASSETCATALOG_COMPILER_GLOBAL_ACCENT_COLOR_NAME = AccentColor;
				CODE_SIGN_STYLE = Automatic;
				CURRENT_PROJECT_VERSION = 1;
				DEVELOPMENT_ASSET_PATHS = "ios-programou-app/Preview\\ Content";
				DEVELOPMENT_TEAM = Y487CY958A;
				ENABLE_PREVIEWS = YES;
				GENERATE_INFOPLIST_FILE = YES;
				INFOPLIST_FILE = "Programou-Info.plist";
				INFOPLIST_KEY_CFBundleDisplayName = Programou;
				INFOPLIST_KEY_LSApplicationCategoryType = "public.app-category.education";
				INFOPLIST_KEY_UIApplicationSceneManifest_Generation = YES;
				INFOPLIST_KEY_UIApplicationSupportsIndirectInputEvents = YES;
				INFOPLIST_KEY_UIRequiresFullScreen = YES;
				INFOPLIST_KEY_UIStatusBarStyle = UIStatusBarStyleLightContent;
				INFOPLIST_KEY_UISupportedInterfaceOrientations_iPad = "UIInterfaceOrientationPortrait UIInterfaceOrientationPortraitUpsideDown UIInterfaceOrientationLandscapeLeft UIInterfaceOrientationLandscapeRight";
				INFOPLIST_KEY_UISupportedInterfaceOrientations_iPhone = "UIInterfaceOrientationPortrait UIInterfaceOrientationLandscapeLeft UIInterfaceOrientationLandscapeRight";
				LD_RUNPATH_SEARCH_PATHS = (
					"$(inherited)",
					"@executable_path/Frameworks",
				);
				MARKETING_VERSION = 1.0;
				PRODUCT_BUNDLE_IDENTIFIER = "com.programou.ios-programou-app";
				PRODUCT_NAME = "$(TARGET_NAME)";
				SWIFT_EMIT_LOC_STRINGS = YES;
				SWIFT_VERSION = 5.0;
				TARGETED_DEVICE_FAMILY = "1,2";
			};
			name = Release;
		};
		B16C00682A16F3C600DEB171 /* Debug */ = {
			isa = XCBuildConfiguration;
			buildSettings = {
				ALWAYS_EMBED_SWIFT_STANDARD_LIBRARIES = YES;
				BUNDLE_LOADER = "$(TEST_HOST)";
				CODE_SIGN_STYLE = Automatic;
				CURRENT_PROJECT_VERSION = 1;
				DEVELOPMENT_TEAM = Y487CY958A;
				GENERATE_INFOPLIST_FILE = YES;
				IPHONEOS_DEPLOYMENT_TARGET = 16.0;
				MARKETING_VERSION = 1.0;
				PRODUCT_BUNDLE_IDENTIFIER = "com.programou.ios-programou-appTests";
				PRODUCT_NAME = "$(TARGET_NAME)";
				SWIFT_EMIT_LOC_STRINGS = NO;
				SWIFT_VERSION = 5.0;
				TARGETED_DEVICE_FAMILY = "1,2";
				TEST_HOST = "$(BUILT_PRODUCTS_DIR)/Programou.app/$(BUNDLE_EXECUTABLE_FOLDER_PATH)/Programou";
			};
			name = Debug;
		};
		B16C00692A16F3C600DEB171 /* Release */ = {
			isa = XCBuildConfiguration;
			buildSettings = {
				ALWAYS_EMBED_SWIFT_STANDARD_LIBRARIES = YES;
				BUNDLE_LOADER = "$(TEST_HOST)";
				CODE_SIGN_STYLE = Automatic;
				CURRENT_PROJECT_VERSION = 1;
				DEVELOPMENT_TEAM = Y487CY958A;
				GENERATE_INFOPLIST_FILE = YES;
				IPHONEOS_DEPLOYMENT_TARGET = 16.0;
				MARKETING_VERSION = 1.0;
				PRODUCT_BUNDLE_IDENTIFIER = "com.programou.ios-programou-appTests";
				PRODUCT_NAME = "$(TARGET_NAME)";
				SWIFT_EMIT_LOC_STRINGS = NO;
				SWIFT_VERSION = 5.0;
				TARGETED_DEVICE_FAMILY = "1,2";
				TEST_HOST = "$(BUILT_PRODUCTS_DIR)/Programou.app/$(BUNDLE_EXECUTABLE_FOLDER_PATH)/Programou";
			};
			name = Release;
		};
/* End XCBuildConfiguration section */

/* Begin XCConfigurationList section */
		B16C003B2A16F3C400DEB171 /* Build configuration list for PBXProject "Programou" */ = {
			isa = XCConfigurationList;
			buildConfigurations = (
				B16C00622A16F3C600DEB171 /* Debug */,
				B16C00632A16F3C600DEB171 /* Release */,
			);
			defaultConfigurationIsVisible = 0;
			defaultConfigurationName = Release;
		};
		B16C00642A16F3C600DEB171 /* Build configuration list for PBXNativeTarget "Programou" */ = {
			isa = XCConfigurationList;
			buildConfigurations = (
				B16C00652A16F3C600DEB171 /* Debug */,
				B16C00662A16F3C600DEB171 /* Release */,
			);
			defaultConfigurationIsVisible = 0;
			defaultConfigurationName = Release;
		};
		B16C00672A16F3C600DEB171 /* Build configuration list for PBXNativeTarget "ProgramouTests" */ = {
			isa = XCConfigurationList;
			buildConfigurations = (
				B16C00682A16F3C600DEB171 /* Debug */,
				B16C00692A16F3C600DEB171 /* Release */,
			);
			defaultConfigurationIsVisible = 0;
			defaultConfigurationName = Release;
		};
/* End XCConfigurationList section */
	};
	rootObject = B16C00382A16F3C400DEB171 /* Project object */;
}
